
Microsoft Visual Studio Solution File, Format Version 12.00
Project("{FAE04EC0-301F-11D3-BF4B-00C04F79EFBC}") = "QodenBasic", "QodenBasic\QodenBasic.csproj", "{FC84A6DC-A300-4C90-98A7-92723D25571A}"
EndProject
Global
	GlobalSection(SolutionConfigurationPlatforms) = preSolution
		Debug|Any CPU = Debug|Any CPU
		Release|Any CPU = Release|Any CPU
	EndGlobalSection
	GlobalSection(ProjectConfigurationPlatforms) = postSolution
		{FC84A6DC-A300-4C90-98A7-92723D25571A}.Debug|Any CPU.ActiveCfg = Debug|Any CPU
		{FC84A6DC-A300-4C90-98A7-92723D25571A}.Debug|Any CPU.Build.0 = Debug|Any CPU
		{FC84A6DC-A300-4C90-98A7-92723D25571A}.Release|Any CPU.ActiveCfg = Release|Any CPU
		{FC84A6DC-A300-4C90-98A7-92723D25571A}.Release|Any CPU.Build.0 = Release|Any CPU
	EndGlobalSection
EndGlobal
